
Microsoft Visual Studio Solution File, Format Version 12.00
# Visual Studio Version 17
VisualStudioVersion = 17.3.32929.385
MinimumVisualStudioVersion = 10.0.40219.1
Project("{9A19103F-16F7-4668-BE54-9A1E7A4F7556}") = "guy-api", "guy-api\guy-api.csproj", "{05F9D0F8-356F-4681-9768-F7D5B25A6682}"
EndProject
Project("{FAE04EC0-301F-11D3-BF4B-00C04F79EFBC}") = "TestProject", "TestProject\TestProject.csproj", "{14E00C30-65C1-4C50-81CD-C7884B58DF93}"
EndProject
Global
	GlobalSection(SolutionConfigurationPlatforms) = preSolution
		Debug|Any CPU = Debug|Any CPU
		Release|Any CPU = Release|Any CPU
	EndGlobalSection
	GlobalSection(ProjectConfigurationPlatforms) = postSolution
		{05F9D0F8-356F-4681-9768-F7D5B25A6682}.Debug|Any CPU.ActiveCfg = Debug|Any CPU
		{05F9D0F8-356F-4681-9768-F7D5B25A6682}.Debug|Any CPU.Build.0 = Debug|Any CPU
		{05F9D0F8-356F-4681-9768-F7D5B25A6682}.Release|Any CPU.ActiveCfg = Release|Any CPU
		{05F9D0F8-356F-4681-9768-F7D5B25A6682}.Release|Any CPU.Build.0 = Release|Any CPU
		{14E00C30-65C1-4C50-81CD-C7884B58DF93}.Debug|Any CPU.ActiveCfg = Debug|Any CPU
		{14E00C30-65C1-4C50-81CD-C7884B58DF93}.Debug|Any CPU.Build.0 = Debug|Any CPU
		{14E00C30-65C1-4C50-81CD-C7884B58DF93}.Release|Any CPU.ActiveCfg = Release|Any CPU
		{14E00C30-65C1-4C50-81CD-C7884B58DF93}.Release|Any CPU.Build.0 = Release|Any CPU
	EndGlobalSection
	GlobalSection(SolutionProperties) = preSolution
		HideSolutionNode = FALSE
	EndGlobalSection
	GlobalSection(ExtensibilityGlobals) = postSolution
		SolutionGuid = {D7F0F6B4-FB72-4062-B702-AD7D08B8B511}
	EndGlobalSection
EndGlobal
